
Microsoft Visual Studio Solution File, Format Version 12.00
# Visual Studio 14
VisualStudioVersion = 14.0.24720.0
MinimumVisualStudioVersion = 10.0.40219.1
Project("{FAE04EC0-301F-11D3-BF4B-00C04F79EFBC}") = "Cobalt.Shell", "Windows-Desktop\Cobalt.Shell\Cobalt.Shell.csproj", "{0E504689-F239-492B-A3B1-BB01D34DD129}"
EndProject
Project("{2150E333-8FDC-42A3-9474-1A3956D46DE8}") = "Modules", "Modules", "{B14C0A2C-52FE-476C-BC64-31E75A0272CC}"
EndProject
Project("{FAE04EC0-301F-11D3-BF4B-00C04F79EFBC}") = "Cobalt.Tests", "Windows-Desktop\Cobalt.Tests\Cobalt.Tests.csproj", "{3ECBD739-EAFA-4D86-84D6-453E0648B8E1}"
EndProject
Project("{FAE04EC0-301F-11D3-BF4B-00C04F79EFBC}") = "Cobalt.Modules.Login", "Windows-Desktop\Cobalt.Modules.Login\Cobalt.Modules.Login.csproj", "{CEC47B7E-1039-4712-A1B1-9D37DC728D40}"
EndProject
Project("{FAE04EC0-301F-11D3-BF4B-00C04F79EFBC}") = "Cobalt.DataAccess", "Windows-Desktop\Cobalt.DataAccess\Cobalt.DataAccess.csproj", "{6757D6C3-8CC4-4BEA-8E11-716CC9AB61D7}"
EndProject
Project("{FAE04EC0-301F-11D3-BF4B-00C04F79EFBC}") = "Cobalt.Infrastructure", "Windows-Desktop\Cobalt.Infrastructure\Cobalt.Infrastructure.csproj", "{15AADA6E-1F4E-4F0F-B513-DF9A9E7F1204}"
EndProject
Global
	GlobalSection(SolutionConfigurationPlatforms) = preSolution
		Debug|Any CPU = Debug|Any CPU
		Release|Any CPU = Release|Any CPU
	EndGlobalSection
	GlobalSection(ProjectConfigurationPlatforms) = postSolution
		{0E504689-F239-492B-A3B1-BB01D34DD129}.Debug|Any CPU.ActiveCfg = Debug|Any CPU
		{0E504689-F239-492B-A3B1-BB01D34DD129}.Debug|Any CPU.Build.0 = Debug|Any CPU
		{0E504689-F239-492B-A3B1-BB01D34DD129}.Release|Any CPU.ActiveCfg = Release|Any CPU
		{0E504689-F239-492B-A3B1-BB01D34DD129}.Release|Any CPU.Build.0 = Release|Any CPU
		{3ECBD739-EAFA-4D86-84D6-453E0648B8E1}.Debug|Any CPU.ActiveCfg = Debug|Any CPU
		{3ECBD739-EAFA-4D86-84D6-453E0648B8E1}.Debug|Any CPU.Build.0 = Debug|Any CPU
		{3ECBD739-EAFA-4D86-84D6-453E0648B8E1}.Release|Any CPU.ActiveCfg = Release|Any CPU
		{3ECBD739-EAFA-4D86-84D6-453E0648B8E1}.Release|Any CPU.Build.0 = Release|Any CPU
		{CEC47B7E-1039-4712-A1B1-9D37DC728D40}.Debug|Any CPU.ActiveCfg = Debug|Any CPU
		{CEC47B7E-1039-4712-A1B1-9D37DC728D40}.Debug|Any CPU.Build.0 = Debug|Any CPU
		{CEC47B7E-1039-4712-A1B1-9D37DC728D40}.Release|Any CPU.ActiveCfg = Release|Any CPU
		{CEC47B7E-1039-4712-A1B1-9D37DC728D40}.Release|Any CPU.Build.0 = Release|Any CPU
		{6757D6C3-8CC4-4BEA-8E11-716CC9AB61D7}.Debug|Any CPU.ActiveCfg = Debug|Any CPU
		{6757D6C3-8CC4-4BEA-8E11-716CC9AB61D7}.Debug|Any CPU.Build.0 = Debug|Any CPU
		{6757D6C3-8CC4-4BEA-8E11-716CC9AB61D7}.Release|Any CPU.ActiveCfg = Release|Any CPU
		{6757D6C3-8CC4-4BEA-8E11-716CC9AB61D7}.Release|Any CPU.Build.0 = Release|Any CPU
		{15AADA6E-1F4E-4F0F-B513-DF9A9E7F1204}.Debug|Any CPU.ActiveCfg = Debug|Any CPU
		{15AADA6E-1F4E-4F0F-B513-DF9A9E7F1204}.Debug|Any CPU.Build.0 = Debug|Any CPU
		{15AADA6E-1F4E-4F0F-B513-DF9A9E7F1204}.Release|Any CPU.ActiveCfg = Release|Any CPU
		{15AADA6E-1F4E-4F0F-B513-DF9A9E7F1204}.Release|Any CPU.Build.0 = Release|Any CPU
	EndGlobalSection
	GlobalSection(SolutionProperties) = preSolution
		HideSolutionNode = FALSE
	EndGlobalSection
	GlobalSection(NestedProjects) = preSolution
		{CEC47B7E-1039-4712-A1B1-9D37DC728D40} = {B14C0A2C-52FE-476C-BC64-31E75A0272CC}
	EndGlobalSection
EndGlobal
